
Microsoft Visual Studio Solution File, Format Version 11.00
# Visual Studio 2010
Project("{FAE04EC0-301F-11D3-BF4B-00C04F79EFBC}") = "FirstMmorpg", "Assembly-CSharp.csproj", "{99918EE0-790F-233D-AA3E-78387C360E80}"
EndProject
Project("{FAE04EC0-301F-11D3-BF4B-00C04F79EFBC}") = "FirstMmorpg", "Assembly-CSharp-firstpass.csproj", "{07699A49-9F25-D378-F077-C850505F7287}"
EndProject
Project("{FAE04EC0-301F-11D3-BF4B-00C04F79EFBC}") = "FirstMmorpg", "Assembly-CSharp-Editor-firstpass.csproj", "{3F0DD998-1C69-731C-5093-B7B9BA7B61A8}"
EndProject
Global
	GlobalSection(SolutionConfigurationPlatforms) = preSolution
		Debug|Any CPU = Debug|Any CPU
		Release|Any CPU = Release|Any CPU
	EndGlobalSection
	GlobalSection(ProjectConfigurationPlatforms) = postSolution
		{99918EE0-790F-233D-AA3E-78387C360E80}.Debug|Any CPU.ActiveCfg = Debug|Any CPU
		{99918EE0-790F-233D-AA3E-78387C360E80}.Debug|Any CPU.Build.0 = Debug|Any CPU
		{99918EE0-790F-233D-AA3E-78387C360E80}.Release|Any CPU.ActiveCfg = Release|Any CPU
		{99918EE0-790F-233D-AA3E-78387C360E80}.Release|Any CPU.Build.0 = Release|Any CPU
		{07699A49-9F25-D378-F077-C850505F7287}.Debug|Any CPU.ActiveCfg = Debug|Any CPU
		{07699A49-9F25-D378-F077-C850505F7287}.Debug|Any CPU.Build.0 = Debug|Any CPU
		{07699A49-9F25-D378-F077-C850505F7287}.Release|Any CPU.ActiveCfg = Release|Any CPU
		{07699A49-9F25-D378-F077-C850505F7287}.Release|Any CPU.Build.0 = Release|Any CPU
		{3F0DD998-1C69-731C-5093-B7B9BA7B61A8}.Debug|Any CPU.ActiveCfg = Debug|Any CPU
		{3F0DD998-1C69-731C-5093-B7B9BA7B61A8}.Debug|Any CPU.Build.0 = Debug|Any CPU
		{3F0DD998-1C69-731C-5093-B7B9BA7B61A8}.Release|Any CPU.ActiveCfg = Release|Any CPU
		{3F0DD998-1C69-731C-5093-B7B9BA7B61A8}.Release|Any CPU.Build.0 = Release|Any CPU
	EndGlobalSection
	GlobalSection(SolutionProperties) = preSolution
		HideSolutionNode = FALSE
	EndGlobalSection
	GlobalSection(MonoDevelopProperties) = preSolution
		StartupItem = Assembly-CSharp.csproj
	EndGlobalSection
EndGlobal
